
Microsoft Visual Studio Solution File, Format Version 12.00
# Visual Studio Version 17
VisualStudioVersion = 17.3.32922.545
MinimumVisualStudioVersion = 10.0.40219.1
Project("{FAE04EC0-301F-11D3-BF4B-00C04F79EFBC}") = "AtomicSynergistics.UI.MVC", "AtomicSynergistics.UI.MVC\AtomicSynergistics.UI.MVC.csproj", "{6DE05301-D3E3-4C73-ADA6-0B4A4FB36DB6}"
EndProject
Project("{FAE04EC0-301F-11D3-BF4B-00C04F79EFBC}") = "AtomicSynergistics.DATA.EF", "AtomicSynergistics.DATA.EF\AtomicSynergistics.DATA.EF.csproj", "{811861C5-9E3E-4098-91D4-3C6EA4170B2F}"
EndProject
Global
	GlobalSection(SolutionConfigurationPlatforms) = preSolution
		Debug|Any CPU = Debug|Any CPU
		Release|Any CPU = Release|Any CPU
	EndGlobalSection
	GlobalSection(ProjectConfigurationPlatforms) = postSolution
		{6DE05301-D3E3-4C73-ADA6-0B4A4FB36DB6}.Debug|Any CPU.ActiveCfg = Debug|Any CPU
		{6DE05301-D3E3-4C73-ADA6-0B4A4FB36DB6}.Debug|Any CPU.Build.0 = Debug|Any CPU
		{6DE05301-D3E3-4C73-ADA6-0B4A4FB36DB6}.Release|Any CPU.ActiveCfg = Release|Any CPU
		{6DE05301-D3E3-4C73-ADA6-0B4A4FB36DB6}.Release|Any CPU.Build.0 = Release|Any CPU
		{811861C5-9E3E-4098-91D4-3C6EA4170B2F}.Debug|Any CPU.ActiveCfg = Debug|Any CPU
		{811861C5-9E3E-4098-91D4-3C6EA4170B2F}.Debug|Any CPU.Build.0 = Debug|Any CPU
		{811861C5-9E3E-4098-91D4-3C6EA4170B2F}.Release|Any CPU.ActiveCfg = Release|Any CPU
		{811861C5-9E3E-4098-91D4-3C6EA4170B2F}.Release|Any CPU.Build.0 = Release|Any CPU
	EndGlobalSection
	GlobalSection(SolutionProperties) = preSolution
		HideSolutionNode = FALSE
	EndGlobalSection
	GlobalSection(ExtensibilityGlobals) = postSolution
		SolutionGuid = {9D75C4FC-1618-4D47-A66F-8B74CD0D88F2}
	EndGlobalSection
EndGlobal
